github.com/jussi-kalliokoski/goldjson v0.0.0-20230613091353-057ded0698bb h1:7XODZ2DjK3gHJc+52VmwMzvU5gDcqgW0nDk0iQwZ0v0=
github.com/jussi-kalliokoski/goldjson v0.0.0-20230613091353-057ded0698bb/go.mod h1:KHjhomAO4vlPukhBzc5nwIJ2nNL39TLnEgoIsBd8bnY=
github.com/jussi-kalliokoski/goldjson v1.0.0 h1:XqiUNujQ3e9mjFPsqEBTzaMVPNnMUlXa+yDEVT4Xla0=
github.com/jussi-kalliokoski/goldjson v1.0.0/go.mod h1:KHjhomAO4vlPukhBzc5nwIJ2nNL39TLnEgoIsBd8bnY=
